
Microsoft Visual Studio Solution File, Format Version 12.00
# Visual Studio Version 16
VisualStudioVersion = 16.0.30717.126
MinimumVisualStudioVersion = 15.0.26124.0
Project("{2150E333-8FDC-42A3-9474-1A3956D46DE8}") = "TwitterClient", "TwitterClient", "{977E895D-9210-4B0E-B2D9-29B712C98DA8}"
EndProject
Project("{9A19103F-16F7-4668-BE54-9A1E7A4F7556}") = "TwitterClient", "TwitterClient\TwitterClient\TwitterClient.csproj", "{4D3D500E-888B-4B21-ADFA-3A58CA9C8C14}"
EndProject
Project("{9A19103F-16F7-4668-BE54-9A1E7A4F7556}") = "TwitterClient.Tests", "TwitterClient\TwitterClient.Tests\TwitterClient.Tests.csproj", "{D83E55C3-90D0-4463-BF8B-DFFB93807E83}"
EndProject
Project("{9A19103F-16F7-4668-BE54-9A1E7A4F7556}") = "Torito.Models", "Torito.Models\Torito.Models.csproj", "{A7D066CA-B6C3-4033-B809-5422032DF8EC}"
EndProject
Project("{2150E333-8FDC-42A3-9474-1A3956D46DE8}") = "Twitter.Models", "Twitter.Models", "{BCC9AF97-3923-4768-9ABC-16792E1FE4F3}"
EndProject
Project("{2150E333-8FDC-42A3-9474-1A3956D46DE8}") = "Torito.DataLayer", "Torito.DataLayer", "{B01D4634-58C7-41FA-9EA2-6FE1F2ACB07A}"
EndProject
Project("{9A19103F-16F7-4668-BE54-9A1E7A4F7556}") = "Torito.Data", "Torito.Data\Torito.Data.csproj", "{AC230272-0B15-40B4-B2DC-899AECACA4C8}"
EndProject
Project("{9A19103F-16F7-4668-BE54-9A1E7A4F7556}") = "Torito.Data.Tests", "Torito.Data.Tests\Torito.Data.Tests.csproj", "{4607844E-CDD0-4C52-BC39-B0C95B08BFBE}"
EndProject
Project("{2150E333-8FDC-42A3-9474-1A3956D46DE8}") = "GMapsClient", "GMapsClient", "{EA5A3631-34B0-44BF-B781-104B39F19DF0}"
EndProject
Project("{9A19103F-16F7-4668-BE54-9A1E7A4F7556}") = "Gmaps.Client", "Gmaps.Client\Gmaps.Client.csproj", "{CDE755A2-5E93-47CB-B8A7-B453D21B591A}"
EndProject
Project("{9A19103F-16F7-4668-BE54-9A1E7A4F7556}") = "Gmaps.Client.Tests", "Gmaps.Client.Tests\Gmaps.Client.Tests.csproj", "{DCE7FED6-1288-4001-A163-65F6845B8FE5}"
EndProject
Project("{2150E333-8FDC-42A3-9474-1A3956D46DE8}") = "Torito.Core", "Torito.Core", "{D6338FBC-EAD7-4566-BC16-92274E034956}"
EndProject
Project("{9A19103F-16F7-4668-BE54-9A1E7A4F7556}") = "Torito.Core", "Torito.Core\Torito.Core.csproj", "{41D2A5F6-3B95-448D-A8AC-8C7BCA9F715C}"
EndProject
Project("{9A19103F-16F7-4668-BE54-9A1E7A4F7556}") = "Torito.Core.Tests", "Torito.Core.Tests\Torito.Core.Tests.csproj", "{9B46ED71-F3B3-48AA-B778-F909CFE0EEA8}"
EndProject
Global
	GlobalSection(SolutionConfigurationPlatforms) = preSolution
		Debug|Any CPU = Debug|Any CPU
		Debug|x64 = Debug|x64
		Debug|x86 = Debug|x86
		Release|Any CPU = Release|Any CPU
		Release|x64 = Release|x64
		Release|x86 = Release|x86
	EndGlobalSection
	GlobalSection(ProjectConfigurationPlatforms) = postSolution
		{4D3D500E-888B-4B21-ADFA-3A58CA9C8C14}.Debug|Any CPU.ActiveCfg = Debug|Any CPU
		{4D3D500E-888B-4B21-ADFA-3A58CA9C8C14}.Debug|Any CPU.Build.0 = Debug|Any CPU
		{4D3D500E-888B-4B21-ADFA-3A58CA9C8C14}.Debug|x64.ActiveCfg = Debug|Any CPU
		{4D3D500E-888B-4B21-ADFA-3A58CA9C8C14}.Debug|x64.Build.0 = Debug|Any CPU
		{4D3D500E-888B-4B21-ADFA-3A58CA9C8C14}.Debug|x86.ActiveCfg = Debug|Any CPU
		{4D3D500E-888B-4B21-ADFA-3A58CA9C8C14}.Debug|x86.Build.0 = Debug|Any CPU
		{4D3D500E-888B-4B21-ADFA-3A58CA9C8C14}.Release|Any CPU.ActiveCfg = Release|Any CPU
		{4D3D500E-888B-4B21-ADFA-3A58CA9C8C14}.Release|Any CPU.Build.0 = Release|Any CPU
		{4D3D500E-888B-4B21-ADFA-3A58CA9C8C14}.Release|x64.ActiveCfg = Release|Any CPU
		{4D3D500E-888B-4B21-ADFA-3A58CA9C8C14}.Release|x64.Build.0 = Release|Any CPU
		{4D3D500E-888B-4B21-ADFA-3A58CA9C8C14}.Release|x86.ActiveCfg = Release|Any CPU
		{4D3D500E-888B-4B21-ADFA-3A58CA9C8C14}.Release|x86.Build.0 = Release|Any CPU
		{D83E55C3-90D0-4463-BF8B-DFFB93807E83}.Debug|Any CPU.ActiveCfg = Debug|Any CPU
		{D83E55C3-90D0-4463-BF8B-DFFB93807E83}.Debug|Any CPU.Build.0 = Debug|Any CPU
		{D83E55C3-90D0-4463-BF8B-DFFB93807E83}.Debug|x64.ActiveCfg = Debug|Any CPU
		{D83E55C3-90D0-4463-BF8B-DFFB93807E83}.Debug|x64.Build.0 = Debug|Any CPU
		{D83E55C3-90D0-4463-BF8B-DFFB93807E83}.Debug|x86.ActiveCfg = Debug|Any CPU
		{D83E55C3-90D0-4463-BF8B-DFFB93807E83}.Debug|x86.Build.0 = Debug|Any CPU
		{D83E55C3-90D0-4463-BF8B-DFFB93807E83}.Release|Any CPU.ActiveCfg = Release|Any CPU
		{D83E55C3-90D0-4463-BF8B-DFFB93807E83}.Release|Any CPU.Build.0 = Release|Any CPU
		{D83E55C3-90D0-4463-BF8B-DFFB93807E83}.Release|x64.ActiveCfg = Release|Any CPU
		{D83E55C3-90D0-4463-BF8B-DFFB93807E83}.Release|x64.Build.0 = Release|Any CPU
		{D83E55C3-90D0-4463-BF8B-DFFB93807E83}.Release|x86.ActiveCfg = Release|Any CPU
		{D83E55C3-90D0-4463-BF8B-DFFB93807E83}.Release|x86.Build.0 = Release|Any CPU
		{A7D066CA-B6C3-4033-B809-5422032DF8EC}.Debug|Any CPU.ActiveCfg = Debug|Any CPU
		{A7D066CA-B6C3-4033-B809-5422032DF8EC}.Debug|Any CPU.Build.0 = Debug|Any CPU
		{A7D066CA-B6C3-4033-B809-5422032DF8EC}.Debug|x64.ActiveCfg = Debug|Any CPU
		{A7D066CA-B6C3-4033-B809-5422032DF8EC}.Debug|x64.Build.0 = Debug|Any CPU
		{A7D066CA-B6C3-4033-B809-5422032DF8EC}.Debug|x86.ActiveCfg = Debug|Any CPU
		{A7D066CA-B6C3-4033-B809-5422032DF8EC}.Debug|x86.Build.0 = Debug|Any CPU
		{A7D066CA-B6C3-4033-B809-5422032DF8EC}.Release|Any CPU.ActiveCfg = Release|Any CPU
		{A7D066CA-B6C3-4033-B809-5422032DF8EC}.Release|Any CPU.Build.0 = Release|Any CPU
		{A7D066CA-B6C3-4033-B809-5422032DF8EC}.Release|x64.ActiveCfg = Release|Any CPU
		{A7D066CA-B6C3-4033-B809-5422032DF8EC}.Release|x64.Build.0 = Release|Any CPU
		{A7D066CA-B6C3-4033-B809-5422032DF8EC}.Release|x86.ActiveCfg = Release|Any CPU
		{A7D066CA-B6C3-4033-B809-5422032DF8EC}.Release|x86.Build.0 = Release|Any CPU
		{AC230272-0B15-40B4-B2DC-899AECACA4C8}.Debug|Any CPU.ActiveCfg = Debug|Any CPU
		{AC230272-0B15-40B4-B2DC-899AECACA4C8}.Debug|Any CPU.Build.0 = Debug|Any CPU
		{AC230272-0B15-40B4-B2DC-899AECACA4C8}.Debug|x64.ActiveCfg = Debug|Any CPU
		{AC230272-0B15-40B4-B2DC-899AECACA4C8}.Debug|x64.Build.0 = Debug|Any CPU
		{AC230272-0B15-40B4-B2DC-899AECACA4C8}.Debug|x86.ActiveCfg = Debug|Any CPU
		{AC230272-0B15-40B4-B2DC-899AECACA4C8}.Debug|x86.Build.0 = Debug|Any CPU
		{AC230272-0B15-40B4-B2DC-899AECACA4C8}.Release|Any CPU.ActiveCfg = Release|Any CPU
		{AC230272-0B15-40B4-B2DC-899AECACA4C8}.Release|Any CPU.Build.0 = Release|Any CPU
		{AC230272-0B15-40B4-B2DC-899AECACA4C8}.Release|x64.ActiveCfg = Release|Any CPU
		{AC230272-0B15-40B4-B2DC-899AECACA4C8}.Release|x64.Build.0 = Release|Any CPU
		{AC230272-0B15-40B4-B2DC-899AECACA4C8}.Release|x86.ActiveCfg = Release|Any CPU
		{AC230272-0B15-40B4-B2DC-899AECACA4C8}.Release|x86.Build.0 = Release|Any CPU
		{4607844E-CDD0-4C52-BC39-B0C95B08BFBE}.Debug|Any CPU.ActiveCfg = Debug|Any CPU
		{4607844E-CDD0-4C52-BC39-B0C95B08BFBE}.Debug|Any CPU.Build.0 = Debug|Any CPU
		{4607844E-CDD0-4C52-BC39-B0C95B08BFBE}.Debug|x64.ActiveCfg = Debug|Any CPU
		{4607844E-CDD0-4C52-BC39-B0C95B08BFBE}.Debug|x64.Build.0 = Debug|Any CPU
		{4607844E-CDD0-4C52-BC39-B0C95B08BFBE}.Debug|x86.ActiveCfg = Debug|Any CPU
		{4607844E-CDD0-4C52-BC39-B0C95B08BFBE}.Debug|x86.Build.0 = Debug|Any CPU
		{4607844E-CDD0-4C52-BC39-B0C95B08BFBE}.Release|Any CPU.ActiveCfg = Release|Any CPU
		{4607844E-CDD0-4C52-BC39-B0C95B08BFBE}.Release|Any CPU.Build.0 = Release|Any CPU
		{4607844E-CDD0-4C52-BC39-B0C95B08BFBE}.Release|x64.ActiveCfg = Release|Any CPU
		{4607844E-CDD0-4C52-BC39-B0C95B08BFBE}.Release|x64.Build.0 = Release|Any CPU
		{4607844E-CDD0-4C52-BC39-B0C95B08BFBE}.Release|x86.ActiveCfg = Release|Any CPU
		{4607844E-CDD0-4C52-BC39-B0C95B08BFBE}.Release|x86.Build.0 = Release|Any CPU
		{CDE755A2-5E93-47CB-B8A7-B453D21B591A}.Debug|Any CPU.ActiveCfg = Debug|Any CPU
		{CDE755A2-5E93-47CB-B8A7-B453D21B591A}.Debug|Any CPU.Build.0 = Debug|Any CPU
		{CDE755A2-5E93-47CB-B8A7-B453D21B591A}.Debug|x64.ActiveCfg = Debug|Any CPU
		{CDE755A2-5E93-47CB-B8A7-B453D21B591A}.Debug|x64.Build.0 = Debug|Any CPU
		{CDE755A2-5E93-47CB-B8A7-B453D21B591A}.Debug|x86.ActiveCfg = Debug|Any CPU
		{CDE755A2-5E93-47CB-B8A7-B453D21B591A}.Debug|x86.Build.0 = Debug|Any CPU
		{CDE755A2-5E93-47CB-B8A7-B453D21B591A}.Release|Any CPU.ActiveCfg = Release|Any CPU
		{CDE755A2-5E93-47CB-B8A7-B453D21B591A}.Release|Any CPU.Build.0 = Release|Any CPU
		{CDE755A2-5E93-47CB-B8A7-B453D21B591A}.Release|x64.ActiveCfg = Release|Any CPU
		{CDE755A2-5E93-47CB-B8A7-B453D21B591A}.Release|x64.Build.0 = Release|Any CPU
		{CDE755A2-5E93-47CB-B8A7-B453D21B591A}.Release|x86.ActiveCfg = Release|Any CPU
		{CDE755A2-5E93-47CB-B8A7-B453D21B591A}.Release|x86.Build.0 = Release|Any CPU
		{DCE7FED6-1288-4001-A163-65F6845B8FE5}.Debug|Any CPU.ActiveCfg = Debug|Any CPU
		{DCE7FED6-1288-4001-A163-65F6845B8FE5}.Debug|Any CPU.Build.0 = Debug|Any CPU
		{DCE7FED6-1288-4001-A163-65F6845B8FE5}.Debug|x64.ActiveCfg = Debug|Any CPU
		{DCE7FED6-1288-4001-A163-65F6845B8FE5}.Debug|x64.Build.0 = Debug|Any CPU
		{DCE7FED6-1288-4001-A163-65F6845B8FE5}.Debug|x86.ActiveCfg = Debug|Any CPU
		{DCE7FED6-1288-4001-A163-65F6845B8FE5}.Debug|x86.Build.0 = Debug|Any CPU
		{DCE7FED6-1288-4001-A163-65F6845B8FE5}.Release|Any CPU.ActiveCfg = Release|Any CPU
		{DCE7FED6-1288-4001-A163-65F6845B8FE5}.Release|Any CPU.Build.0 = Release|Any CPU
		{DCE7FED6-1288-4001-A163-65F6845B8FE5}.Release|x64.ActiveCfg = Release|Any CPU
		{DCE7FED6-1288-4001-A163-65F6845B8FE5}.Release|x64.Build.0 = Release|Any CPU
		{DCE7FED6-1288-4001-A163-65F6845B8FE5}.Release|x86.ActiveCfg = Release|Any CPU
		{DCE7FED6-1288-4001-A163-65F6845B8FE5}.Release|x86.Build.0 = Release|Any CPU
		{41D2A5F6-3B95-448D-A8AC-8C7BCA9F715C}.Debug|Any CPU.ActiveCfg = Debug|Any CPU
		{41D2A5F6-3B95-448D-A8AC-8C7BCA9F715C}.Debug|Any CPU.Build.0 = Debug|Any CPU
		{41D2A5F6-3B95-448D-A8AC-8C7BCA9F715C}.Debug|x64.ActiveCfg = Debug|Any CPU
		{41D2A5F6-3B95-448D-A8AC-8C7BCA9F715C}.Debug|x64.Build.0 = Debug|Any CPU
		{41D2A5F6-3B95-448D-A8AC-8C7BCA9F715C}.Debug|x86.ActiveCfg = Debug|Any CPU
		{41D2A5F6-3B95-448D-A8AC-8C7BCA9F715C}.Debug|x86.Build.0 = Debug|Any CPU
		{41D2A5F6-3B95-448D-A8AC-8C7BCA9F715C}.Release|Any CPU.ActiveCfg = Release|Any CPU
		{41D2A5F6-3B95-448D-A8AC-8C7BCA9F715C}.Release|Any CPU.Build.0 = Release|Any CPU
		{41D2A5F6-3B95-448D-A8AC-8C7BCA9F715C}.Release|x64.ActiveCfg = Release|Any CPU
		{41D2A5F6-3B95-448D-A8AC-8C7BCA9F715C}.Release|x64.Build.0 = Release|Any CPU
		{41D2A5F6-3B95-448D-A8AC-8C7BCA9F715C}.Release|x86.ActiveCfg = Release|Any CPU
		{41D2A5F6-3B95-448D-A8AC-8C7BCA9F715C}.Release|x86.Build.0 = Release|Any CPU
		{9B46ED71-F3B3-48AA-B778-F909CFE0EEA8}.Debug|Any CPU.ActiveCfg = Debug|Any CPU
		{9B46ED71-F3B3-48AA-B778-F909CFE0EEA8}.Debug|Any CPU.Build.0 = Debug|Any CPU
		{9B46ED71-F3B3-48AA-B778-F909CFE0EEA8}.Debug|x64.ActiveCfg = Debug|Any CPU
		{9B46ED71-F3B3-48AA-B778-F909CFE0EEA8}.Debug|x64.Build.0 = Debug|Any CPU
		{9B46ED71-F3B3-48AA-B778-F909CFE0EEA8}.Debug|x86.ActiveCfg = Debug|Any CPU
		{9B46ED71-F3B3-48AA-B778-F909CFE0EEA8}.Debug|x86.Build.0 = Debug|Any CPU
		{9B46ED71-F3B3-48AA-B778-F909CFE0EEA8}.Release|Any CPU.ActiveCfg = Release|Any CPU
		{9B46ED71-F3B3-48AA-B778-F909CFE0EEA8}.Release|Any CPU.Build.0 = Release|Any CPU
		{9B46ED71-F3B3-48AA-B778-F909CFE0EEA8}.Release|x64.ActiveCfg = Release|Any CPU
		{9B46ED71-F3B3-48AA-B778-F909CFE0EEA8}.Release|x64.Build.0 = Release|Any CPU
		{9B46ED71-F3B3-48AA-B778-F909CFE0EEA8}.Release|x86.ActiveCfg = Release|Any CPU
		{9B46ED71-F3B3-48AA-B778-F909CFE0EEA8}.Release|x86.Build.0 = Release|Any CPU
	EndGlobalSection
	GlobalSection(SolutionProperties) = preSolution
		HideSolutionNode = FALSE
	EndGlobalSection
	GlobalSection(NestedProjects) = preSolution
		{4D3D500E-888B-4B21-ADFA-3A58CA9C8C14} = {977E895D-9210-4B0E-B2D9-29B712C98DA8}
		{D83E55C3-90D0-4463-BF8B-DFFB93807E83} = {977E895D-9210-4B0E-B2D9-29B712C98DA8}
		{A7D066CA-B6C3-4033-B809-5422032DF8EC} = {BCC9AF97-3923-4768-9ABC-16792E1FE4F3}
		{AC230272-0B15-40B4-B2DC-899AECACA4C8} = {B01D4634-58C7-41FA-9EA2-6FE1F2ACB07A}
		{4607844E-CDD0-4C52-BC39-B0C95B08BFBE} = {B01D4634-58C7-41FA-9EA2-6FE1F2ACB07A}
		{CDE755A2-5E93-47CB-B8A7-B453D21B591A} = {EA5A3631-34B0-44BF-B781-104B39F19DF0}
		{DCE7FED6-1288-4001-A163-65F6845B8FE5} = {EA5A3631-34B0-44BF-B781-104B39F19DF0}
		{41D2A5F6-3B95-448D-A8AC-8C7BCA9F715C} = {D6338FBC-EAD7-4566-BC16-92274E034956}
		{9B46ED71-F3B3-48AA-B778-F909CFE0EEA8} = {D6338FBC-EAD7-4566-BC16-92274E034956}
	EndGlobalSection
	GlobalSection(ExtensibilityGlobals) = postSolution
		SolutionGuid = {A4E6D431-016A-4485-A3E1-C12AE68170B4}
	EndGlobalSection
EndGlobal
